// !$*UTF8*$!
{
	archiveVersion = 1;
	classes = {
	};
	objectVersion = 50;
	objects = {

/* Begin PBXBuildFile section */
		2546240026E1269400A884EF /* UserData.swift in Sources */ = {isa = PBXBuildFile; fileRef = 254623FF26E1269400A884EF /* UserData.swift */; };
		2546240626E391C100A884EF /* hikeData.json in Resources */ = {isa = PBXBuildFile; fileRef = 2546240526E391C100A884EF /* hikeData.json */; };
		2546240926E391DD00A884EF /* GraphCapsule.swift in Sources */ = {isa = PBXBuildFile; fileRef = 2546240726E391DD00A884EF /* GraphCapsule.swift */; };
		2546240A26E391DD00A884EF /* HikeGraph.swift in Sources */ = {isa = PBXBuildFile; fileRef = 2546240826E391DD00A884EF /* HikeGraph.swift */; };
		2546240C26E391F000A884EF /* Hike.swift in Sources */ = {isa = PBXBuildFile; fileRef = 2546240B26E391F000A884EF /* Hike.swift */; };
		2546240E26E3926E00A884EF /* HikeView.swift in Sources */ = {isa = PBXBuildFile; fileRef = 2546240D26E3926E00A884EF /* HikeView.swift */; };
		2546241026E399E700A884EF /* Home.swift in Sources */ = {isa = PBXBuildFile; fileRef = 2546240F26E399E700A884EF /* Home.swift */; };
		2546241226E3A79F00A884EF /* CategoryCell.swift in Sources */ = {isa = PBXBuildFile; fileRef = 2546241126E3A79F00A884EF /* CategoryCell.swift */; };
		2546241426E4EFA100A884EF /* User.swift in Sources */ = {isa = PBXBuildFile; fileRef = 2546241326E4EFA100A884EF /* User.swift */; };
		2546241726E4F1FB00A884EF /* Profile.swift in Sources */ = {isa = PBXBuildFile; fileRef = 2546241626E4F1FB00A884EF /* Profile.swift */; };
		25B1397A26DFABB600409394 /* ChinaLandmarkApp.swift in Sources */ = {isa = PBXBuildFile; fileRef = 25B1397926DFABB600409394 /* ChinaLandmarkApp.swift */; };
		25B1397C26DFABB600409394 /* ContentView.swift in Sources */ = {isa = PBXBuildFile; fileRef = 25B1397B26DFABB600409394 /* ContentView.swift */; };
		25B1397E26DFABBA00409394 /* Assets.xcassets in Resources */ = {isa = PBXBuildFile; fileRef = 25B1397D26DFABBA00409394 /* Assets.xcassets */; };
		25B1398126DFABBA00409394 /* Preview Assets.xcassets in Resources */ = {isa = PBXBuildFile; fileRef = 25B1398026DFABBA00409394 /* Preview Assets.xcassets */; };
		25B1398926DFAC4800409394 /* LandmarkDetail.swift in Sources */ = {isa = PBXBuildFile; fileRef = 25B1398826DFAC4800409394 /* LandmarkDetail.swift */; };
		25B1398B26DFB1D600409394 /* MapView.swift in Sources */ = {isa = PBXBuildFile; fileRef = 25B1398A26DFB1D500409394 /* MapView.swift */; };
		25B1398F26DFC68700409394 /* Landmark.swift in Sources */ = {isa = PBXBuildFile; fileRef = 25B1398E26DFC68700409394 /* Landmark.swift */; };
		25B1399126DFC8FE00409394 /* LandmarkList.swift in Sources */ = {isa = PBXBuildFile; fileRef = 25B1399026DFC8FE00409394 /* LandmarkList.swift */; };
		25B1399326DFC96000409394 /* LandmarkCell.swift in Sources */ = {isa = PBXBuildFile; fileRef = 25B1399226DFC96000409394 /* LandmarkCell.swift */; };
/* End PBXBuildFile section */

/* Begin PBXFileReference section */
		254623FF26E1269400A884EF /* UserData.swift */ = {isa = PBXFileReference; lastKnownFileType = sourcecode.swift; path = UserData.swift; sourceTree = "<group>"; };
		2546240526E391C100A884EF /* hikeData.json */ = {isa = PBXFileReference; fileEncoding = 4; lastKnownFileType = text.json; path = hikeData.json; sourceTree = "<group>"; };
		2546240726E391DD00A884EF /* GraphCapsule.swift */ = {isa = PBXFileReference; fileEncoding = 4; lastKnownFileType = sourcecode.swift; path = GraphCapsule.swift; sourceTree = "<group>"; };
		2546240826E391DD00A884EF /* HikeGraph.swift */ = {isa = PBXFileReference; fileEncoding = 4; lastKnownFileType = sourcecode.swift; path = HikeGraph.swift; sourceTree = "<group>"; };
		2546240B26E391F000A884EF /* Hike.swift */ = {isa = PBXFileReference; fileEncoding = 4; lastKnownFileType = sourcecode.swift; path = Hike.swift; sourceTree = "<group>"; };
		2546240D26E3926E00A884EF /* HikeView.swift */ = {isa = PBXFileReference; fileEncoding = 4; lastKnownFileType = sourcecode.swift; path = HikeView.swift; sourceTree = "<group>"; };
		2546240F26E399E700A884EF /* Home.swift */ = {isa = PBXFileReference; lastKnownFileType = sourcecode.swift; path = Home.swift; sourceTree = "<group>"; };
		2546241126E3A79F00A884EF /* CategoryCell.swift */ = {isa = PBXFileReference; lastKnownFileType = sourcecode.swift; path = CategoryCell.swift; sourceTree = "<group>"; };
		2546241326E4EFA100A884EF /* User.swift */ = {isa = PBXFileReference; lastKnownFileType = sourcecode.swift; path = User.swift; sourceTree = "<group>"; };
		2546241626E4F1FB00A884EF /* Profile.swift */ = {isa = PBXFileReference; lastKnownFileType = sourcecode.swift; path = Profile.swift; sourceTree = "<group>"; };
		25B1397626DFABB600409394 /* ChinaLandmark.app */ = {isa = PBXFileReference; explicitFileType = wrapper.application; includeInIndex = 0; path = ChinaLandmark.app; sourceTree = BUILT_PRODUCTS_DIR; };
		25B1397926DFABB600409394 /* ChinaLandmarkApp.swift */ = {isa = PBXFileReference; lastKnownFileType = sourcecode.swift; path = ChinaLandmarkApp.swift; sourceTree = "<group>"; };
		25B1397B26DFABB600409394 /* ContentView.swift */ = {isa = PBXFileReference; lastKnownFileType = sourcecode.swift; path = ContentView.swift; sourceTree = "<group>"; };
		25B1397D26DFABBA00409394 /* Assets.xcassets */ = {isa = PBXFileReference; lastKnownFileType = folder.assetcatalog; path = Assets.xcassets; sourceTree = "<group>"; };
		25B1398026DFABBA00409394 /* Preview Assets.xcassets */ = {isa = PBXFileReference; lastKnownFileType = folder.assetcatalog; path = "Preview Assets.xcassets"; sourceTree = "<group>"; };
		25B1398226DFABBA00409394 /* Info.plist */ = {isa = PBXFileReference; lastKnownFileType = text.plist.xml; path = Info.plist; sourceTree = "<group>"; };
		25B1398826DFAC4800409394 /* LandmarkDetail.swift */ = {isa = PBXFileReference; lastKnownFileType = sourcecode.swift; path = LandmarkDetail.swift; sourceTree = "<group>"; };
		25B1398A26DFB1D500409394 /* MapView.swift */ = {isa = PBXFileReference; lastKnownFileType = sourcecode.swift; path = MapView.swift; sourceTree = "<group>"; };
		25B1398E26DFC68700409394 /* Landmark.swift */ = {isa = PBXFileReference; lastKnownFileType = sourcecode.swift; path = Landmark.swift; sourceTree = "<group>"; };
		25B1399026DFC8FE00409394 /* LandmarkList.swift */ = {isa = PBXFileReference; lastKnownFileType = sourcecode.swift; path = LandmarkList.swift; sourceTree = "<group>"; };
		25B1399226DFC96000409394 /* LandmarkCell.swift */ = {isa = PBXFileReference; lastKnownFileType = sourcecode.swift; path = LandmarkCell.swift; sourceTree = "<group>"; };
/* End PBXFileReference section */

/* Begin PBXFrameworksBuildPhase section */
		25B1397326DFABB600409394 /* Frameworks */ = {
			isa = PBXFrameworksBuildPhase;
			buildActionMask = 2147483647;
			files = (
			);
			runOnlyForDeploymentPostprocessing = 0;
		};
/* End PBXFrameworksBuildPhase section */

/* Begin PBXGroup section */
		2546240126E24FD100A884EF /* Cell Views */ = {
			isa = PBXGroup;
			children = (
				25B1399226DFC96000409394 /* LandmarkCell.swift */,
				2546241126E3A79F00A884EF /* CategoryCell.swift */,
			);
			path = "Cell Views";
			sourceTree = "<group>";
		};
		2546240326E3916D00A884EF /* Resources */ = {
			isa = PBXGroup;
			children = (
				2546240526E391C100A884EF /* hikeData.json */,
			);
			path = Resources;
			sourceTree = "<group>";
		};
		2546240426E3919000A884EF /* Supporting Views */ = {
			isa = PBXGroup;
			children = (
				2546240726E391DD00A884EF /* GraphCapsule.swift */,
				2546240826E391DD00A884EF /* HikeGraph.swift */,
			);
			path = "Supporting Views";
			sourceTree = "<group>";
		};
		2546241526E4F1DD00A884EF /* Profile Views */ = {
			isa = PBXGroup;
			children = (
				2546241626E4F1FB00A884EF /* Profile.swift */,
			);
			path = "Profile Views";
			sourceTree = "<group>";
		};
		25B1396D26DFABB600409394 = {
			isa = PBXGroup;
			children = (
				25B1397826DFABB600409394 /* ChinaLandmark */,
				25B1397726DFABB600409394 /* Products */,
			);
			sourceTree = "<group>";
		};
		25B1397726DFABB600409394 /* Products */ = {
			isa = PBXGroup;
			children = (
				25B1397626DFABB600409394 /* ChinaLandmark.app */,
			);
			name = Products;
			sourceTree = "<group>";
		};
		25B1397826DFABB600409394 /* ChinaLandmark */ = {
			isa = PBXGroup;
			children = (
				2546241526E4F1DD00A884EF /* Profile Views */,
				2546240426E3919000A884EF /* Supporting Views */,
				2546240326E3916D00A884EF /* Resources */,
				2546240126E24FD100A884EF /* Cell Views */,
				25B1397926DFABB600409394 /* ChinaLandmarkApp.swift */,
				2546240D26E3926E00A884EF /* HikeView.swift */,
				2546240F26E399E700A884EF /* Home.swift */,
				25B1399026DFC8FE00409394 /* LandmarkList.swift */,
				25B1398826DFAC4800409394 /* LandmarkDetail.swift */,
				25B1397B26DFABB600409394 /* ContentView.swift */,
				25B1398D26DFC65500409394 /* Models */,
				25B1397D26DFABBA00409394 /* Assets.xcassets */,
				25B1398226DFABBA00409394 /* Info.plist */,
				25B1397F26DFABBA00409394 /* Preview Content */,
				25B1398C26DFBC6100409394 /* UIViews */,
			);
			path = ChinaLandmark;
			sourceTree = "<group>";
		};
		25B1397F26DFABBA00409394 /* Preview Content */ = {
			isa = PBXGroup;
			children = (
				25B1398026DFABBA00409394 /* Preview Assets.xcassets */,
			);
			path = "Preview Content";
			sourceTree = "<group>";
		};
		25B1398C26DFBC6100409394 /* UIViews */ = {
			isa = PBXGroup;
			children = (
				25B1398A26DFB1D500409394 /* MapView.swift */,
			);
			path = UIViews;
			sourceTree = "<group>";
		};
		25B1398D26DFC65500409394 /* Models */ = {
			isa = PBXGroup;
			children = (
				2546240B26E391F000A884EF /* Hike.swift */,
				25B1398E26DFC68700409394 /* Landmark.swift */,
				254623FF26E1269400A884EF /* UserData.swift */,
				2546241326E4EFA100A884EF /* User.swift */,
			);
			path = Models;
			sourceTree = "<group>";
		};
/* End PBXGroup section */

/* Begin PBXNativeTarget section */
		25B1397526DFABB600409394 /* ChinaLandmark */ = {
			isa = PBXNativeTarget;
			buildConfigurationList = 25B1398526DFABBA00409394 /* Build configuration list for PBXNativeTarget "ChinaLandmark" */;
			buildPhases = (
				25B1397226DFABB600409394 /* Sources */,
				25B1397326DFABB600409394 /* Frameworks */,
				25B1397426DFABB600409394 /* Resources */,
			);
			buildRules = (
			);
			dependencies = (
			);
			name = ChinaLandmark;
			productName = ChinaLandmark;
			productReference = 25B1397626DFABB600409394 /* ChinaLandmark.app */;
			productType = "com.apple.product-type.application";
		};
/* End PBXNativeTarget section */

/* Begin PBXProject section */
		25B1396E26DFABB600409394 /* Project object */ = {
			isa = PBXProject;
			attributes = {
				LastSwiftUpdateCheck = 1250;
				LastUpgradeCheck = 1250;
				TargetAttributes = {
					25B1397526DFABB600409394 = {
						CreatedOnToolsVersion = 12.5.1;
					};
				};
			};
			buildConfigurationList = 25B1397126DFABB600409394 /* Build configuration list for PBXProject "ChinaLandmark" */;
			compatibilityVersion = "Xcode 9.3";
			developmentRegion = en;
			hasScannedForEncodings = 0;
			knownRegions = (
				en,
				Base,
			);
			mainGroup = 25B1396D26DFABB600409394;
			productRefGroup = 25B1397726DFABB600409394 /* Products */;
			projectDirPath = "";
			projectRoot = "";
			targets = (
				25B1397526DFABB600409394 /* ChinaLandmark */,
			);
		};
/* End PBXProject section */

/* Begin PBXResourcesBuildPhase section */
		25B1397426DFABB600409394 /* Resources */ = {
			isa = PBXResourcesBuildPhase;
			buildActionMask = 2147483647;
			files = (
				25B1398126DFABBA00409394 /* Preview Assets.xcassets in Resources */,
				2546240626E391C100A884EF /* hikeData.json in Resources */,
				25B1397E26DFABBA00409394 /* Assets.xcassets in Resources */,
			);
			runOnlyForDeploymentPostprocessing = 0;
		};
/* End PBXResourcesBuildPhase section */

/* Begin PBXSourcesBuildPhase section */
		25B1397226DFABB600409394 /* Sources */ = {
			isa = PBXSourcesBuildPhase;
			buildActionMask = 2147483647;
			files = (
				25B1397C26DFABB600409394 /* ContentView.swift in Sources */,
				2546240E26E3926E00A884EF /* HikeView.swift in Sources */,
				25B1399126DFC8FE00409394 /* LandmarkList.swift in Sources */,
				2546241226E3A79F00A884EF /* CategoryCell.swift in Sources */,
				2546240026E1269400A884EF /* UserData.swift in Sources */,
				2546240A26E391DD00A884EF /* HikeGraph.swift in Sources */,
				2546240C26E391F000A884EF /* Hike.swift in Sources */,
				2546241026E399E700A884EF /* Home.swift in Sources */,
				2546241426E4EFA100A884EF /* User.swift in Sources */,
				2546241726E4F1FB00A884EF /* Profile.swift in Sources */,
				25B1398B26DFB1D600409394 /* MapView.swift in Sources */,
				25B1398926DFAC4800409394 /* LandmarkDetail.swift in Sources */,
				2546240926E391DD00A884EF /* GraphCapsule.swift in Sources */,
				25B1397A26DFABB600409394 /* ChinaLandmarkApp.swift in Sources */,
				25B1399326DFC96000409394 /* LandmarkCell.swift in Sources */,
				25B1398F26DFC68700409394 /* Landmark.swift in Sources */,
			);
			runOnlyForDeploymentPostprocessing = 0;
		};
/* End PBXSourcesBuildPhase section */

/* Begin XCBuildConfiguration section */
		25B1398326DFABBA00409394 /* Debug */ = {
			isa = XCBuildConfiguration;
			buildSettings = {
				ALWAYS_SEARCH_USER_PATHS = NO;
				CLANG_ANALYZER_NONNULL = YES;
				CLANG_ANALYZER_NUMBER_OBJECT_CONVERSION = YES_AGGRESSIVE;
				CLANG_CXX_LANGUAGE_STANDARD = "gnu++14";
				CLANG_CXX_LIBRARY = "libc++";
				CLANG_ENABLE_MODULES = YES;
				CLANG_ENABLE_OBJC_ARC = YES;
				CLANG_ENABLE_OBJC_WEAK = YES;
				CLANG_WARN_BLOCK_CAPTURE_AUTORELEASING = YES;
				CLANG_WARN_BOOL_CONVERSION = YES;
				CLANG_WARN_COMMA = YES;
				CLANG_WARN_CONSTANT_CONVERSION = YES;
				CLANG_WARN_DEPRECATED_OBJC_IMPLEMENTATIONS = YES;
				CLANG_WARN_DIRECT_OBJC_ISA_USAGE = YES_ERROR;
				CLANG_WARN_DOCUMENTATION_COMMENTS = YES;
				CLANG_WARN_EMPTY_BODY = YES;
				CLANG_WARN_ENUM_CONVERSION = YES;
				CLANG_WARN_INFINITE_RECURSION = YES;
				CLANG_WARN_INT_CONVERSION = YES;
				CLANG_WARN_NON_LITERAL_NULL_CONVERSION = YES;
				CLANG_WARN_OBJC_IMPLICIT_RETAIN_SELF = YES;
				CLANG_WARN_OBJC_LITERAL_CONVERSION = YES;
				CLANG_WARN_OBJC_ROOT_CLASS = YES_ERROR;
				CLANG_WARN_QUOTED_INCLUDE_IN_FRAMEWORK_HEADER = YES;
				CLANG_WARN_RANGE_LOOP_ANALYSIS = YES;
				CLANG_WARN_STRICT_PROTOTYPES = YES;
				CLANG_WARN_SUSPICIOUS_MOVE = YES;
				CLANG_WARN_UNGUARDED_AVAILABILITY = YES_AGGRESSIVE;
				CLANG_WARN_UNREACHABLE_CODE = YES;
				CLANG_WARN__DUPLICATE_METHOD_MATCH = YES;
				COPY_PHASE_STRIP = NO;
				DEBUG_INFORMATION_FORMAT = dwarf;
				ENABLE_STRICT_OBJC_MSGSEND = YES;
				ENABLE_TESTABILITY = YES;
				GCC_C_LANGUAGE_STANDARD = gnu11;
				GCC_DYNAMIC_NO_PIC = NO;
				GCC_NO_COMMON_BLOCKS = YES;
				GCC_OPTIMIZATION_LEVEL = 0;
				GCC_PREPROCESSOR_DEFINITIONS = (
					"DEBUG=1",
					"$(inherited)",
				);
				GCC_WARN_64_TO_32_BIT_CONVERSION = YES;
				GCC_WARN_ABOUT_RETURN_TYPE = YES_ERROR;
				GCC_WARN_UNDECLARED_SELECTOR = YES;
				GCC_WARN_UNINITIALIZED_AUTOS = YES_AGGRESSIVE;
				GCC_WARN_UNUSED_FUNCTION = YES;
				GCC_WARN_UNUSED_VARIABLE = YES;
				IPHONEOS_DEPLOYMENT_TARGET = 14.5;
				MTL_ENABLE_DEBUG_INFO = INCLUDE_SOURCE;
				MTL_FAST_MATH = YES;
				ONLY_ACTIVE_ARCH = YES;
				SDKROOT = iphoneos;
				SWIFT_ACTIVE_COMPILATION_CONDITIONS = DEBUG;
				SWIFT_OPTIMIZATION_LEVEL = "-Onone";
			};
			name = Debug;
		};
		25B1398426DFABBA00409394 /* Release */ = {
			isa = XCBuildConfiguration;
			buildSettings = {
				ALWAYS_SEARCH_USER_PATHS = NO;
				CLANG_ANALYZER_NONNULL = YES;
				CLANG_ANALYZER_NUMBER_OBJECT_CONVERSION = YES_AGGRESSIVE;
				CLANG_CXX_LANGUAGE_STANDARD = "gnu++14";
				CLANG_CXX_LIBRARY = "libc++";
				CLANG_ENABLE_MODULES = YES;
				CLANG_ENABLE_OBJC_ARC = YES;
				CLANG_ENABLE_OBJC_WEAK = YES;
				CLANG_WARN_BLOCK_CAPTURE_AUTORELEASING = YES;
				CLANG_WARN_BOOL_CONVERSION = YES;
				CLANG_WARN_COMMA = YES;
				CLANG_WARN_CONSTANT_CONVERSION = YES;
				CLANG_WARN_DEPRECATED_OBJC_IMPLEMENTATIONS = YES;
				CLANG_WARN_DIRECT_OBJC_ISA_USAGE = YES_ERROR;
				CLANG_WARN_DOCUMENTATION_COMMENTS = YES;
				CLANG_WARN_EMPTY_BODY = YES;
				CLANG_WARN_ENUM_CONVERSION = YES;
				CLANG_WARN_INFINITE_RECURSION = YES;
				CLANG_WARN_INT_CONVERSION = YES;
				CLANG_WARN_NON_LITERAL_NULL_CONVERSION = YES;
				CLANG_WARN_OBJC_IMPLICIT_RETAIN_SELF = YES;
				CLANG_WARN_OBJC_LITERAL_CONVERSION = YES;
				CLANG_WARN_OBJC_ROOT_CLASS = YES_ERROR;
				CLANG_WARN_QUOTED_INCLUDE_IN_FRAMEWORK_HEADER = YES;
				CLANG_WARN_RANGE_LOOP_ANALYSIS = YES;
				CLANG_WARN_STRICT_PROTOTYPES = YES;
				CLANG_WARN_SUSPICIOUS_MOVE = YES;
				CLANG_WARN_UNGUARDED_AVAILABILITY = YES_AGGRESSIVE;
				CLANG_WARN_UNREACHABLE_CODE = YES;
				CLANG_WARN__DUPLICATE_METHOD_MATCH = YES;
				COPY_PHASE_STRIP = NO;
				DEBUG_INFORMATION_FORMAT = "dwarf-with-dsym";
				ENABLE_NS_ASSERTIONS = NO;
				ENABLE_STRICT_OBJC_MSGSEND = YES;
				GCC_C_LANGUAGE_STANDARD = gnu11;
				GCC_NO_COMMON_BLOCKS = YES;
				GCC_WARN_64_TO_32_BIT_CONVERSION = YES;
				GCC_WARN_ABOUT_RETURN_TYPE = YES_ERROR;
				GCC_WARN_UNDECLARED_SELECTOR = YES;
				GCC_WARN_UNINITIALIZED_AUTOS = YES_AGGRESSIVE;
				GCC_WARN_UNUSED_FUNCTION = YES;
				GCC_WARN_UNUSED_VARIABLE = YES;
				IPHONEOS_DEPLOYMENT_TARGET = 14.5;
				MTL_ENABLE_DEBUG_INFO = NO;
				MTL_FAST_MATH = YES;
				SDKROOT = iphoneos;
				SWIFT_COMPILATION_MODE = wholemodule;
				SWIFT_OPTIMIZATION_LEVEL = "-O";
				VALIDATE_PRODUCT = YES;
			};
			name = Release;
		};
		25B1398626DFABBA00409394 /* Debug */ = {
			isa = XCBuildConfiguration;
			buildSettings = {
				ASSETCATALOG_COMPILER_APPICON_NAME = AppIcon;
				ASSETCATALOG_COMPILER_GLOBAL_ACCENT_COLOR_NAME = AccentColor;
				CODE_SIGN_STYLE = Automatic;
				DEVELOPMENT_ASSET_PATHS = "\"ChinaLandmark/Preview Content\"";
				DEVELOPMENT_TEAM = GNQ3X6YNZ5;
				ENABLE_PREVIEWS = YES;
				INFOPLIST_FILE = ChinaLandmark/Info.plist;
				IPHONEOS_DEPLOYMENT_TARGET = 14.0;
				LD_RUNPATH_SEARCH_PATHS = (
					"$(inherited)",
					"@executable_path/Frameworks",
				);
				PRODUCT_BUNDLE_IDENTIFIER = victoryze.ChinaLandmark;
				PRODUCT_NAME = "$(TARGET_NAME)";
				SWIFT_VERSION = 5.0;
				TARGETED_DEVICE_FAMILY = "1,2";
			};
			name = Debug;
		};
		25B1398726DFABBA00409394 /* Release */ = {
			isa = XCBuildConfiguration;
			buildSettings = {
				ASSETCATALOG_COMPILER_APPICON_NAME = AppIcon;
				ASSETCATALOG_COMPILER_GLOBAL_ACCENT_COLOR_NAME = AccentColor;
				CODE_SIGN_STYLE = Automatic;
				DEVELOPMENT_ASSET_PATHS = "\"ChinaLandmark/Preview Content\"";
				DEVELOPMENT_TEAM = GNQ3X6YNZ5;
				ENABLE_PREVIEWS = YES;
				INFOPLIST_FILE = ChinaLandmark/Info.plist;
				IPHONEOS_DEPLOYMENT_TARGET = 14.0;
				LD_RUNPATH_SEARCH_PATHS = (
					"$(inherited)",
					"@executable_path/Frameworks",
				);
				PRODUCT_BUNDLE_IDENTIFIER = victoryze.ChinaLandmark;
				PRODUCT_NAME = "$(TARGET_NAME)";
				SWIFT_VERSION = 5.0;
				TARGETED_DEVICE_FAMILY = "1,2";
			};
			name = Release;
		};
/* End XCBuildConfiguration section */

/* Begin XCConfigurationList section */
		25B1397126DFABB600409394 /* Build configuration list for PBXProject "ChinaLandmark" */ = {
			isa = XCConfigurationList;
			buildConfigurations = (
				25B1398326DFABBA00409394 /* Debug */,
				25B1398426DFABBA00409394 /* Release */,
			);
			defaultConfigurationIsVisible = 0;
			defaultConfigurationName = Release;
		};
		25B1398526DFABBA00409394 /* Build configuration list for PBXNativeTarget "ChinaLandmark" */ = {
			isa = XCConfigurationList;
			buildConfigurations = (
				25B1398626DFABBA00409394 /* Debug */,
				25B1398726DFABBA00409394 /* Release */,
			);
			defaultConfigurationIsVisible = 0;
			defaultConfigurationName = Release;
		};
/* End XCConfigurationList section */
	};
	rootObject = 25B1396E26DFABB600409394 /* Project object */;
}
